<Solution>
  <Folder Name="/notes/">
    <File Path="ops-backend-implementation-steps.txt" />
  </Folder>
  <Folder Name="/src/">
    <Project Path="src/Ops.API/Ops.API.csproj" />
  </Folder>
  <Folder Name="/tests/">
    <Project Path="tests/WebApp.Tests/WebApp.Tests.csproj" />
  </Folder>
</Solution>
